
Microsoft Visual Studio Solution File, Format Version 12.00
# Visual Studio Version 16
VisualStudioVersion = 16.0.30105.148
MinimumVisualStudioVersion = 10.0.40219.1
Project("{FAE04EC0-301F-11D3-BF4B-00C04F79EFBC}") = "ASPNetCoreStreamingExample", "ASPNetCoreStreamingExample.csproj", "{8E69AD7B-F200-40B8-BB92-FE27D508603C}"
EndProject
Global
	GlobalSection(SolutionConfigurationPlatforms) = preSolution
		Debug|Any CPU = Debug|Any CPU
		Release|Any CPU = Release|Any CPU
	EndGlobalSection
	GlobalSection(ProjectConfigurationPlatforms) = postSolution
		{8E69AD7B-F200-40B8-BB92-FE27D508603C}.Debug|Any CPU.ActiveCfg = Debug|Any CPU
		{8E69AD7B-F200-40B8-BB92-FE27D508603C}.Debug|Any CPU.Build.0 = Debug|Any CPU
		{8E69AD7B-F200-40B8-BB92-FE27D508603C}.Release|Any CPU.ActiveCfg = Release|Any CPU
		{8E69AD7B-F200-40B8-BB92-FE27D508603C}.Release|Any CPU.Build.0 = Release|Any CPU
	EndGlobalSection
	GlobalSection(SolutionProperties) = preSolution
		HideSolutionNode = FALSE
	EndGlobalSection
	GlobalSection(ExtensibilityGlobals) = postSolution
		SolutionGuid = {B339CF8E-4AB6-4F9C-AA24-40632E636D72}
	EndGlobalSection
EndGlobal
